// !$*UTF8*$!
{
	archiveVersion = 1;
	classes = {
	};
	objectVersion = 56;
	objects = {

/* Begin PBXBuildFile section */
		7E80C2EA2B88B6D1000FB011 /* TimerView.swift in Sources */ = {isa = PBXBuildFile; fileRef = 7E80C2E92B88B6D1000FB011 /* TimerView.swift */; };
		7E80C2ED2B88BE79000FB011 /* TimerModel.swift in Sources */ = {isa = PBXBuildFile; fileRef = 7E80C2EC2B88BE79000FB011 /* TimerModel.swift */; };
		7E80C2EF2B88D6AA000FB011 /* WODTimer.swift in Sources */ = {isa = PBXBuildFile; fileRef = 7E80C2EE2B88D6AA000FB011 /* WODTimer.swift */; };
		7E948B8C2B38F3BD005CEEA7 /* Movement.swift in Sources */ = {isa = PBXBuildFile; fileRef = 7E948B8B2B38F3BD005CEEA7 /* Movement.swift */; };
		7E948B8E2B398A47005CEEA7 /* WODListView.swift in Sources */ = {isa = PBXBuildFile; fileRef = 7E948B8D2B398A47005CEEA7 /* WODListView.swift */; };
		7E948B902B39B3DC005CEEA7 /* CreateWODView.swift in Sources */ = {isa = PBXBuildFile; fileRef = 7E948B8F2B39B3DC005CEEA7 /* CreateWODView.swift */; };
		7E948B992B3B16DB005CEEA7 /* WODDetailsView.swift in Sources */ = {isa = PBXBuildFile; fileRef = 7E948B982B3B16DB005CEEA7 /* WODDetailsView.swift */; };
		7EBBD5B32B362072009E2349 /* CrossMrossApp.swift in Sources */ = {isa = PBXBuildFile; fileRef = 7EBBD5B22B362072009E2349 /* CrossMrossApp.swift */; };
		7EBBD5B52B362072009E2349 /* ContentView.swift in Sources */ = {isa = PBXBuildFile; fileRef = 7EBBD5B42B362072009E2349 /* ContentView.swift */; };
		7EBBD5B72B362073009E2349 /* Assets.xcassets in Resources */ = {isa = PBXBuildFile; fileRef = 7EBBD5B62B362073009E2349 /* Assets.xcassets */; };
		7EBBD5BA2B362073009E2349 /* Preview Assets.xcassets in Resources */ = {isa = PBXBuildFile; fileRef = 7EBBD5B92B362073009E2349 /* Preview Assets.xcassets */; };
		7EBBD5CA2B36474C009E2349 /* Workout.swift in Sources */ = {isa = PBXBuildFile; fileRef = 7EBBD5C92B36474C009E2349 /* Workout.swift */; };
		7EBBD5CD2B36477E009E2349 /* WODCardView.swift in Sources */ = {isa = PBXBuildFile; fileRef = 7EBBD5CC2B36477E009E2349 /* WODCardView.swift */; };
		7EBBD5D32B3653DB009E2349 /* WODModel.swift in Sources */ = {isa = PBXBuildFile; fileRef = 7EBBD5D22B3653DB009E2349 /* WODModel.swift */; };
		7EBF4D642B4349A80089280A /* WorkoutDetailsView.swift in Sources */ = {isa = PBXBuildFile; fileRef = 7EBF4D632B4349A80089280A /* WorkoutDetailsView.swift */; };
		7EBF4D682B48A8C50089280A /* AddWorkoutView.swift in Sources */ = {isa = PBXBuildFile; fileRef = 7EBF4D672B48A8C50089280A /* AddWorkoutView.swift */; };
		7EBF4D6B2B49F55A0089280A /* CreateWODViewModel.swift in Sources */ = {isa = PBXBuildFile; fileRef = 7EBF4D6A2B49F55A0089280A /* CreateWODViewModel.swift */; };
		7EBF4D6D2B5072750089280A /* EditWODView.swift in Sources */ = {isa = PBXBuildFile; fileRef = 7EBF4D6C2B5072750089280A /* EditWODView.swift */; };
		7EBF4D6F2B55DE9A0089280A /* MaxRecord.swift in Sources */ = {isa = PBXBuildFile; fileRef = 7EBF4D6E2B55DE9A0089280A /* MaxRecord.swift */; };
		7EBF4D712B55E0320089280A /* MaxRecordsTable.swift in Sources */ = {isa = PBXBuildFile; fileRef = 7EBF4D702B55E0320089280A /* MaxRecordsTable.swift */; };
/* End PBXBuildFile section */

/* Begin PBXFileReference section */
		7E80C2E92B88B6D1000FB011 /* TimerView.swift */ = {isa = PBXFileReference; lastKnownFileType = sourcecode.swift; path = TimerView.swift; sourceTree = "<group>"; };
		7E80C2EC2B88BE79000FB011 /* TimerModel.swift */ = {isa = PBXFileReference; lastKnownFileType = sourcecode.swift; path = TimerModel.swift; sourceTree = "<group>"; };
		7E80C2EE2B88D6AA000FB011 /* WODTimer.swift */ = {isa = PBXFileReference; lastKnownFileType = sourcecode.swift; path = WODTimer.swift; sourceTree = "<group>"; };
		7E948B8B2B38F3BD005CEEA7 /* Movement.swift */ = {isa = PBXFileReference; lastKnownFileType = sourcecode.swift; path = Movement.swift; sourceTree = "<group>"; };
		7E948B8D2B398A47005CEEA7 /* WODListView.swift */ = {isa = PBXFileReference; lastKnownFileType = sourcecode.swift; path = WODListView.swift; sourceTree = "<group>"; };
		7E948B8F2B39B3DC005CEEA7 /* CreateWODView.swift */ = {isa = PBXFileReference; lastKnownFileType = sourcecode.swift; path = CreateWODView.swift; sourceTree = "<group>"; };
		7E948B982B3B16DB005CEEA7 /* WODDetailsView.swift */ = {isa = PBXFileReference; lastKnownFileType = sourcecode.swift; path = WODDetailsView.swift; sourceTree = "<group>"; };
		7EBBD5AF2B362072009E2349 /* CrossMross.app */ = {isa = PBXFileReference; explicitFileType = wrapper.application; includeInIndex = 0; path = CrossMross.app; sourceTree = BUILT_PRODUCTS_DIR; };
		7EBBD5B22B362072009E2349 /* CrossMrossApp.swift */ = {isa = PBXFileReference; lastKnownFileType = sourcecode.swift; path = CrossMrossApp.swift; sourceTree = "<group>"; };
		7EBBD5B42B362072009E2349 /* ContentView.swift */ = {isa = PBXFileReference; lastKnownFileType = sourcecode.swift; path = ContentView.swift; sourceTree = "<group>"; };
		7EBBD5B62B362073009E2349 /* Assets.xcassets */ = {isa = PBXFileReference; lastKnownFileType = folder.assetcatalog; path = Assets.xcassets; sourceTree = "<group>"; };
		7EBBD5B92B362073009E2349 /* Preview Assets.xcassets */ = {isa = PBXFileReference; lastKnownFileType = folder.assetcatalog; path = "Preview Assets.xcassets"; sourceTree = "<group>"; };
		7EBBD5C92B36474C009E2349 /* Workout.swift */ = {isa = PBXFileReference; lastKnownFileType = sourcecode.swift; path = Workout.swift; sourceTree = "<group>"; };
		7EBBD5CC2B36477E009E2349 /* WODCardView.swift */ = {isa = PBXFileReference; lastKnownFileType = sourcecode.swift; path = WODCardView.swift; sourceTree = "<group>"; };
		7EBBD5D22B3653DB009E2349 /* WODModel.swift */ = {isa = PBXFileReference; fileEncoding = 4; lastKnownFileType = sourcecode.swift; path = WODModel.swift; sourceTree = "<group>"; };
		7EBF4D632B4349A80089280A /* WorkoutDetailsView.swift */ = {isa = PBXFileReference; lastKnownFileType = sourcecode.swift; path = WorkoutDetailsView.swift; sourceTree = "<group>"; };
		7EBF4D672B48A8C50089280A /* AddWorkoutView.swift */ = {isa = PBXFileReference; lastKnownFileType = sourcecode.swift; path = AddWorkoutView.swift; sourceTree = "<group>"; };
		7EBF4D6A2B49F55A0089280A /* CreateWODViewModel.swift */ = {isa = PBXFileReference; lastKnownFileType = sourcecode.swift; path = CreateWODViewModel.swift; sourceTree = "<group>"; };
		7EBF4D6C2B5072750089280A /* EditWODView.swift */ = {isa = PBXFileReference; lastKnownFileType = sourcecode.swift; path = EditWODView.swift; sourceTree = "<group>"; };
		7EBF4D6E2B55DE9A0089280A /* MaxRecord.swift */ = {isa = PBXFileReference; lastKnownFileType = sourcecode.swift; path = MaxRecord.swift; sourceTree = "<group>"; };
		7EBF4D702B55E0320089280A /* MaxRecordsTable.swift */ = {isa = PBXFileReference; lastKnownFileType = sourcecode.swift; path = MaxRecordsTable.swift; sourceTree = "<group>"; };
/* End PBXFileReference section */

/* Begin PBXFrameworksBuildPhase section */
		7EBBD5AC2B362072009E2349 /* Frameworks */ = {
			isa = PBXFrameworksBuildPhase;
			buildActionMask = 2147483647;
			files = (
			);
			runOnlyForDeploymentPostprocessing = 0;
		};
/* End PBXFrameworksBuildPhase section */

/* Begin PBXGroup section */
		7E80C2EB2B88BE5D000FB011 /* Timer */ = {
			isa = PBXGroup;
			children = (
				7E80C2E92B88B6D1000FB011 /* TimerView.swift */,
				7E80C2EC2B88BE79000FB011 /* TimerModel.swift */,
				7E80C2EE2B88D6AA000FB011 /* WODTimer.swift */,
			);
			path = Timer;
			sourceTree = "<group>";
		};
		7EBBD5A62B362072009E2349 = {
			isa = PBXGroup;
			children = (
				7EBBD5B12B362072009E2349 /* CrossMross */,
				7EBBD5B02B362072009E2349 /* Products */,
			);
			sourceTree = "<group>";
		};
		7EBBD5B02B362072009E2349 /* Products */ = {
			isa = PBXGroup;
			children = (
				7EBBD5AF2B362072009E2349 /* CrossMross.app */,
			);
			name = Products;
			sourceTree = "<group>";
		};
		7EBBD5B12B362072009E2349 /* CrossMross */ = {
			isa = PBXGroup;
			children = (
				7E80C2EB2B88BE5D000FB011 /* Timer */,
				7EBF4D692B49F5360089280A /* View Model */,
				7EBBD5CB2B364761009E2349 /* Model */,
				7EBBD5C52B3646F0009E2349 /* View */,
				7EBBD5B22B362072009E2349 /* CrossMrossApp.swift */,
				7EBBD5B42B362072009E2349 /* ContentView.swift */,
				7EBBD5B62B362073009E2349 /* Assets.xcassets */,
				7EBBD5B82B362073009E2349 /* Preview Content */,
			);
			path = CrossMross;
			sourceTree = "<group>";
		};
		7EBBD5B82B362073009E2349 /* Preview Content */ = {
			isa = PBXGroup;
			children = (
				7EBBD5B92B362073009E2349 /* Preview Assets.xcassets */,
			);
			path = "Preview Content";
			sourceTree = "<group>";
		};
		7EBBD5C52B3646F0009E2349 /* View */ = {
			isa = PBXGroup;
			children = (
				7E948B8D2B398A47005CEEA7 /* WODListView.swift */,
				7EBBD5CC2B36477E009E2349 /* WODCardView.swift */,
				7E948B982B3B16DB005CEEA7 /* WODDetailsView.swift */,
				7E948B8F2B39B3DC005CEEA7 /* CreateWODView.swift */,
				7EBF4D632B4349A80089280A /* WorkoutDetailsView.swift */,
				7EBF4D672B48A8C50089280A /* AddWorkoutView.swift */,
				7EBF4D6C2B5072750089280A /* EditWODView.swift */,
				7EBF4D702B55E0320089280A /* MaxRecordsTable.swift */,
			);
			path = View;
			sourceTree = "<group>";
		};
		7EBBD5CB2B364761009E2349 /* Model */ = {
			isa = PBXGroup;
			children = (
				7EBBD5D22B3653DB009E2349 /* WODModel.swift */,
				7EBBD5C92B36474C009E2349 /* Workout.swift */,
				7E948B8B2B38F3BD005CEEA7 /* Movement.swift */,
				7EBF4D6E2B55DE9A0089280A /* MaxRecord.swift */,
			);
			path = Model;
			sourceTree = "<group>";
		};
		7EBF4D692B49F5360089280A /* View Model */ = {
			isa = PBXGroup;
			children = (
				7EBF4D6A2B49F55A0089280A /* CreateWODViewModel.swift */,
			);
			path = "View Model";
			sourceTree = "<group>";
		};
/* End PBXGroup section */

/* Begin PBXNativeTarget section */
		7EBBD5AE2B362072009E2349 /* CrossMross */ = {
			isa = PBXNativeTarget;
			buildConfigurationList = 7EBBD5BD2B362073009E2349 /* Build configuration list for PBXNativeTarget "CrossMross" */;
			buildPhases = (
				7EBBD5AB2B362072009E2349 /* Sources */,
				7EBBD5AC2B362072009E2349 /* Frameworks */,
				7EBBD5AD2B362072009E2349 /* Resources */,
			);
			buildRules = (
			);
			dependencies = (
			);
			name = CrossMross;
			productName = CrossMross;
			productReference = 7EBBD5AF2B362072009E2349 /* CrossMross.app */;
			productType = "com.apple.product-type.application";
		};
/* End PBXNativeTarget section */

/* Begin PBXProject section */
		7EBBD5A72B362072009E2349 /* Project object */ = {
			isa = PBXProject;
			attributes = {
				BuildIndependentTargetsInParallel = 1;
				LastSwiftUpdateCheck = 1500;
				LastUpgradeCheck = 1500;
				TargetAttributes = {
					7EBBD5AE2B362072009E2349 = {
						CreatedOnToolsVersion = 15.0;
					};
				};
			};
			buildConfigurationList = 7EBBD5AA2B362072009E2349 /* Build configuration list for PBXProject "CrossMross" */;
			compatibilityVersion = "Xcode 14.0";
			developmentRegion = en;
			hasScannedForEncodings = 0;
			knownRegions = (
				en,
				Base,
			);
			mainGroup = 7EBBD5A62B362072009E2349;
			productRefGroup = 7EBBD5B02B362072009E2349 /* Products */;
			projectDirPath = "";
			projectRoot = "";
			targets = (
				7EBBD5AE2B362072009E2349 /* CrossMross */,
			);
		};
/* End PBXProject section */

/* Begin PBXResourcesBuildPhase section */
		7EBBD5AD2B362072009E2349 /* Resources */ = {
			isa = PBXResourcesBuildPhase;
			buildActionMask = 2147483647;
			files = (
				7EBBD5BA2B362073009E2349 /* Preview Assets.xcassets in Resources */,
				7EBBD5B72B362073009E2349 /* Assets.xcassets in Resources */,
			);
			runOnlyForDeploymentPostprocessing = 0;
		};
/* End PBXResourcesBuildPhase section */

/* Begin PBXSourcesBuildPhase section */
		7EBBD5AB2B362072009E2349 /* Sources */ = {
			isa = PBXSourcesBuildPhase;
			buildActionMask = 2147483647;
			files = (
				7E948B992B3B16DB005CEEA7 /* WODDetailsView.swift in Sources */,
				7EBF4D6B2B49F55A0089280A /* CreateWODViewModel.swift in Sources */,
				7E948B902B39B3DC005CEEA7 /* CreateWODView.swift in Sources */,
				7EBF4D642B4349A80089280A /* WorkoutDetailsView.swift in Sources */,
				7EBF4D682B48A8C50089280A /* AddWorkoutView.swift in Sources */,
				7EBBD5B52B362072009E2349 /* ContentView.swift in Sources */,
				7E80C2EF2B88D6AA000FB011 /* WODTimer.swift in Sources */,
				7EBBD5B32B362072009E2349 /* CrossMrossApp.swift in Sources */,
				7E80C2EA2B88B6D1000FB011 /* TimerView.swift in Sources */,
				7EBF4D6D2B5072750089280A /* EditWODView.swift in Sources */,
				7E948B8C2B38F3BD005CEEA7 /* Movement.swift in Sources */,
				7EBBD5CD2B36477E009E2349 /* WODCardView.swift in Sources */,
				7EBBD5D32B3653DB009E2349 /* WODModel.swift in Sources */,
				7E80C2ED2B88BE79000FB011 /* TimerModel.swift in Sources */,
				7EBF4D6F2B55DE9A0089280A /* MaxRecord.swift in Sources */,
				7EBF4D712B55E0320089280A /* MaxRecordsTable.swift in Sources */,
				7E948B8E2B398A47005CEEA7 /* WODListView.swift in Sources */,
				7EBBD5CA2B36474C009E2349 /* Workout.swift in Sources */,
			);
			runOnlyForDeploymentPostprocessing = 0;
		};
/* End PBXSourcesBuildPhase section */

/* Begin XCBuildConfiguration section */
		7EBBD5BB2B362073009E2349 /* Debug */ = {
			isa = XCBuildConfiguration;
			buildSettings = {
				ALWAYS_SEARCH_USER_PATHS = NO;
				ASSETCATALOG_COMPILER_GENERATE_SWIFT_ASSET_SYMBOL_EXTENSIONS = YES;
				CLANG_ANALYZER_NONNULL = YES;
				CLANG_ANALYZER_NUMBER_OBJECT_CONVERSION = YES_AGGRESSIVE;
				CLANG_CXX_LANGUAGE_STANDARD = "gnu++20";
				CLANG_ENABLE_MODULES = YES;
				CLANG_ENABLE_OBJC_ARC = YES;
				CLANG_ENABLE_OBJC_WEAK = YES;
				CLANG_WARN_BLOCK_CAPTURE_AUTORELEASING = YES;
				CLANG_WARN_BOOL_CONVERSION = YES;
				CLANG_WARN_COMMA = YES;
				CLANG_WARN_CONSTANT_CONVERSION = YES;
				CLANG_WARN_DEPRECATED_OBJC_IMPLEMENTATIONS = YES;
				CLANG_WARN_DIRECT_OBJC_ISA_USAGE = YES_ERROR;
				CLANG_WARN_DOCUMENTATION_COMMENTS = YES;
				CLANG_WARN_EMPTY_BODY = YES;
				CLANG_WARN_ENUM_CONVERSION = YES;
				CLANG_WARN_INFINITE_RECURSION = YES;
				CLANG_WARN_INT_CONVERSION = YES;
				CLANG_WARN_NON_LITERAL_NULL_CONVERSION = YES;
				CLANG_WARN_OBJC_IMPLICIT_RETAIN_SELF = YES;
				CLANG_WARN_OBJC_LITERAL_CONVERSION = YES;
				CLANG_WARN_OBJC_ROOT_CLASS = YES_ERROR;
				CLANG_WARN_QUOTED_INCLUDE_IN_FRAMEWORK_HEADER = YES;
				CLANG_WARN_RANGE_LOOP_ANALYSIS = YES;
				CLANG_WARN_STRICT_PROTOTYPES = YES;
				CLANG_WARN_SUSPICIOUS_MOVE = YES;
				CLANG_WARN_UNGUARDED_AVAILABILITY = YES_AGGRESSIVE;
				CLANG_WARN_UNREACHABLE_CODE = YES;
				CLANG_WARN__DUPLICATE_METHOD_MATCH = YES;
				COPY_PHASE_STRIP = NO;
				DEBUG_INFORMATION_FORMAT = dwarf;
				ENABLE_STRICT_OBJC_MSGSEND = YES;
				ENABLE_TESTABILITY = YES;
				ENABLE_USER_SCRIPT_SANDBOXING = YES;
				GCC_C_LANGUAGE_STANDARD = gnu17;
				GCC_DYNAMIC_NO_PIC = NO;
				GCC_NO_COMMON_BLOCKS = YES;
				GCC_OPTIMIZATION_LEVEL = 0;
				GCC_PREPROCESSOR_DEFINITIONS = (
					"DEBUG=1",
					"$(inherited)",
				);
				GCC_WARN_64_TO_32_BIT_CONVERSION = YES;
				GCC_WARN_ABOUT_RETURN_TYPE = YES_ERROR;
				GCC_WARN_UNDECLARED_SELECTOR = YES;
				GCC_WARN_UNINITIALIZED_AUTOS = YES_AGGRESSIVE;
				GCC_WARN_UNUSED_FUNCTION = YES;
				GCC_WARN_UNUSED_VARIABLE = YES;
				IPHONEOS_DEPLOYMENT_TARGET = 17.0;
				LOCALIZATION_PREFERS_STRING_CATALOGS = YES;
				MTL_ENABLE_DEBUG_INFO = INCLUDE_SOURCE;
				MTL_FAST_MATH = YES;
				ONLY_ACTIVE_ARCH = YES;
				SDKROOT = iphoneos;
				SWIFT_ACTIVE_COMPILATION_CONDITIONS = "DEBUG $(inherited)";
				SWIFT_OPTIMIZATION_LEVEL = "-Onone";
			};
			name = Debug;
		};
		7EBBD5BC2B362073009E2349 /* Release */ = {
			isa = XCBuildConfiguration;
			buildSettings = {
				ALWAYS_SEARCH_USER_PATHS = NO;
				ASSETCATALOG_COMPILER_GENERATE_SWIFT_ASSET_SYMBOL_EXTENSIONS = YES;
				CLANG_ANALYZER_NONNULL = YES;
				CLANG_ANALYZER_NUMBER_OBJECT_CONVERSION = YES_AGGRESSIVE;
				CLANG_CXX_LANGUAGE_STANDARD = "gnu++20";
				CLANG_ENABLE_MODULES = YES;
				CLANG_ENABLE_OBJC_ARC = YES;
				CLANG_ENABLE_OBJC_WEAK = YES;
				CLANG_WARN_BLOCK_CAPTURE_AUTORELEASING = YES;
				CLANG_WARN_BOOL_CONVERSION = YES;
				CLANG_WARN_COMMA = YES;
				CLANG_WARN_CONSTANT_CONVERSION = YES;
				CLANG_WARN_DEPRECATED_OBJC_IMPLEMENTATIONS = YES;
				CLANG_WARN_DIRECT_OBJC_ISA_USAGE = YES_ERROR;
				CLANG_WARN_DOCUMENTATION_COMMENTS = YES;
				CLANG_WARN_EMPTY_BODY = YES;
				CLANG_WARN_ENUM_CONVERSION = YES;
				CLANG_WARN_INFINITE_RECURSION = YES;
				CLANG_WARN_INT_CONVERSION = YES;
				CLANG_WARN_NON_LITERAL_NULL_CONVERSION = YES;
				CLANG_WARN_OBJC_IMPLICIT_RETAIN_SELF = YES;
				CLANG_WARN_OBJC_LITERAL_CONVERSION = YES;
				CLANG_WARN_OBJC_ROOT_CLASS = YES_ERROR;
				CLANG_WARN_QUOTED_INCLUDE_IN_FRAMEWORK_HEADER = YES;
				CLANG_WARN_RANGE_LOOP_ANALYSIS = YES;
				CLANG_WARN_STRICT_PROTOTYPES = YES;
				CLANG_WARN_SUSPICIOUS_MOVE = YES;
				CLANG_WARN_UNGUARDED_AVAILABILITY = YES_AGGRESSIVE;
				CLANG_WARN_UNREACHABLE_CODE = YES;
				CLANG_WARN__DUPLICATE_METHOD_MATCH = YES;
				COPY_PHASE_STRIP = NO;
				DEBUG_INFORMATION_FORMAT = "dwarf-with-dsym";
				ENABLE_NS_ASSERTIONS = NO;
				ENABLE_STRICT_OBJC_MSGSEND = YES;
				ENABLE_USER_SCRIPT_SANDBOXING = YES;
				GCC_C_LANGUAGE_STANDARD = gnu17;
				GCC_NO_COMMON_BLOCKS = YES;
				GCC_WARN_64_TO_32_BIT_CONVERSION = YES;
				GCC_WARN_ABOUT_RETURN_TYPE = YES_ERROR;
				GCC_WARN_UNDECLARED_SELECTOR = YES;
				GCC_WARN_UNINITIALIZED_AUTOS = YES_AGGRESSIVE;
				GCC_WARN_UNUSED_FUNCTION = YES;
				GCC_WARN_UNUSED_VARIABLE = YES;
				IPHONEOS_DEPLOYMENT_TARGET = 17.0;
				LOCALIZATION_PREFERS_STRING_CATALOGS = YES;
				MTL_ENABLE_DEBUG_INFO = NO;
				MTL_FAST_MATH = YES;
				SDKROOT = iphoneos;
				SWIFT_COMPILATION_MODE = wholemodule;
				VALIDATE_PRODUCT = YES;
			};
			name = Release;
		};
		7EBBD5BE2B362073009E2349 /* Debug */ = {
			isa = XCBuildConfiguration;
			buildSettings = {
				ASSETCATALOG_COMPILER_APPICON_NAME = AppIcon;
				ASSETCATALOG_COMPILER_GLOBAL_ACCENT_COLOR_NAME = AccentColor;
				CODE_SIGN_STYLE = Automatic;
				CURRENT_PROJECT_VERSION = 1;
				DEVELOPMENT_ASSET_PATHS = "\"CrossMross/Preview Content\"";
				DEVELOPMENT_TEAM = 3A2H9H6S67;
				ENABLE_PREVIEWS = YES;
				GENERATE_INFOPLIST_FILE = YES;
				INFOPLIST_KEY_UIApplicationSceneManifest_Generation = YES;
				INFOPLIST_KEY_UIApplicationSupportsIndirectInputEvents = YES;
				INFOPLIST_KEY_UILaunchScreen_Generation = YES;
				INFOPLIST_KEY_UISupportedInterfaceOrientations_iPad = "UIInterfaceOrientationPortrait UIInterfaceOrientationPortraitUpsideDown UIInterfaceOrientationLandscapeLeft UIInterfaceOrientationLandscapeRight";
				INFOPLIST_KEY_UISupportedInterfaceOrientations_iPhone = "UIInterfaceOrientationPortrait UIInterfaceOrientationLandscapeLeft UIInterfaceOrientationLandscapeRight";
				LD_RUNPATH_SEARCH_PATHS = (
					"$(inherited)",
					"@executable_path/Frameworks",
				);
				MARKETING_VERSION = 1.0;
				PRODUCT_BUNDLE_IDENTIFIER = com.ahmetsenturk.CrossMross;
				PRODUCT_NAME = "$(TARGET_NAME)";
				SWIFT_EMIT_LOC_STRINGS = YES;
				SWIFT_VERSION = 5.0;
				TARGETED_DEVICE_FAMILY = "1,2";
			};
			name = Debug;
		};
		7EBBD5BF2B362073009E2349 /* Release */ = {
			isa = XCBuildConfiguration;
			buildSettings = {
				ASSETCATALOG_COMPILER_APPICON_NAME = AppIcon;
				ASSETCATALOG_COMPILER_GLOBAL_ACCENT_COLOR_NAME = AccentColor;
				CODE_SIGN_STYLE = Automatic;
				CURRENT_PROJECT_VERSION = 1;
				DEVELOPMENT_ASSET_PATHS = "\"CrossMross/Preview Content\"";
				DEVELOPMENT_TEAM = 3A2H9H6S67;
				ENABLE_PREVIEWS = YES;
				GENERATE_INFOPLIST_FILE = YES;
				INFOPLIST_KEY_UIApplicationSceneManifest_Generation = YES;
				INFOPLIST_KEY_UIApplicationSupportsIndirectInputEvents = YES;
				INFOPLIST_KEY_UILaunchScreen_Generation = YES;
				INFOPLIST_KEY_UISupportedInterfaceOrientations_iPad = "UIInterfaceOrientationPortrait UIInterfaceOrientationPortraitUpsideDown UIInterfaceOrientationLandscapeLeft UIInterfaceOrientationLandscapeRight";
				INFOPLIST_KEY_UISupportedInterfaceOrientations_iPhone = "UIInterfaceOrientationPortrait UIInterfaceOrientationLandscapeLeft UIInterfaceOrientationLandscapeRight";
				LD_RUNPATH_SEARCH_PATHS = (
					"$(inherited)",
					"@executable_path/Frameworks",
				);
				MARKETING_VERSION = 1.0;
				PRODUCT_BUNDLE_IDENTIFIER = com.ahmetsenturk.CrossMross;
				PRODUCT_NAME = "$(TARGET_NAME)";
				SWIFT_EMIT_LOC_STRINGS = YES;
				SWIFT_VERSION = 5.0;
				TARGETED_DEVICE_FAMILY = "1,2";
			};
			name = Release;
		};
/* End XCBuildConfiguration section */

/* Begin XCConfigurationList section */
		7EBBD5AA2B362072009E2349 /* Build configuration list for PBXProject "CrossMross" */ = {
			isa = XCConfigurationList;
			buildConfigurations = (
				7EBBD5BB2B362073009E2349 /* Debug */,
				7EBBD5BC2B362073009E2349 /* Release */,
			);
			defaultConfigurationIsVisible = 0;
			defaultConfigurationName = Release;
		};
		7EBBD5BD2B362073009E2349 /* Build configuration list for PBXNativeTarget "CrossMross" */ = {
			isa = XCConfigurationList;
			buildConfigurations = (
				7EBBD5BE2B362073009E2349 /* Debug */,
				7EBBD5BF2B362073009E2349 /* Release */,
			);
			defaultConfigurationIsVisible = 0;
			defaultConfigurationName = Release;
		};
/* End XCConfigurationList section */
	};
	rootObject = 7EBBD5A72B362072009E2349 /* Project object */;
}
